
Microsoft Visual Studio Solution File, Format Version 12.00
# Visual Studio Version 17
VisualStudioVersion = 17.7.34221.43
MinimumVisualStudioVersion = 16.0.0.0
Project("{9A19103F-16F7-4668-BE54-9A1E7A4F7556}") = "HolePunching.Windows", "HolePunching.Windows\HolePunching.Windows.csproj", "{332DAA12-66EE-498D-84B3-19509D9369EA}"
EndProject
Project("{9A19103F-16F7-4668-BE54-9A1E7A4F7556}") = "HolePunching", "HolePunching\HolePunching.csproj", "{F21D250D-0679-4EB9-8202-2CE1B8593142}"
EndProject
Project("{FAE04EC0-301F-11D3-BF4B-00C04F79EFBC}") = "HolePuncher", "HolePuncher\HolePuncher.csproj", "{555020C0-CEF0-48C3-8750-B22EBAEB0024}"
EndProject
Global
	GlobalSection(SolutionConfigurationPlatforms) = preSolution
		Debug|Any CPU = Debug|Any CPU
		Release|Any CPU = Release|Any CPU
	EndGlobalSection
	GlobalSection(ProjectConfigurationPlatforms) = postSolution
		{332DAA12-66EE-498D-84B3-19509D9369EA}.Debug|Any CPU.ActiveCfg = Debug|Any CPU
		{332DAA12-66EE-498D-84B3-19509D9369EA}.Debug|Any CPU.Build.0 = Debug|Any CPU
		{332DAA12-66EE-498D-84B3-19509D9369EA}.Release|Any CPU.ActiveCfg = Release|Any CPU
		{332DAA12-66EE-498D-84B3-19509D9369EA}.Release|Any CPU.Build.0 = Release|Any CPU
		{F21D250D-0679-4EB9-8202-2CE1B8593142}.Debug|Any CPU.ActiveCfg = Debug|Any CPU
		{F21D250D-0679-4EB9-8202-2CE1B8593142}.Debug|Any CPU.Build.0 = Debug|Any CPU
		{F21D250D-0679-4EB9-8202-2CE1B8593142}.Release|Any CPU.ActiveCfg = Release|Any CPU
		{F21D250D-0679-4EB9-8202-2CE1B8593142}.Release|Any CPU.Build.0 = Release|Any CPU
		{555020C0-CEF0-48C3-8750-B22EBAEB0024}.Debug|Any CPU.ActiveCfg = Debug|Any CPU
		{555020C0-CEF0-48C3-8750-B22EBAEB0024}.Debug|Any CPU.Build.0 = Debug|Any CPU
		{555020C0-CEF0-48C3-8750-B22EBAEB0024}.Release|Any CPU.ActiveCfg = Release|Any CPU
		{555020C0-CEF0-48C3-8750-B22EBAEB0024}.Release|Any CPU.Build.0 = Release|Any CPU
	EndGlobalSection
	GlobalSection(SolutionProperties) = preSolution
		HideSolutionNode = FALSE
	EndGlobalSection
	GlobalSection(ExtensibilityGlobals) = postSolution
		SolutionGuid = {14F36CC0-344A-4239-AFA5-687C0B0CB30F}
	EndGlobalSection
EndGlobal
